
Microsoft Visual Studio Solution File, Format Version 12.00
# Visual Studio Version 16
VisualStudioVersion = 16.0.31205.134
MinimumVisualStudioVersion = 10.0.40219.1
Project("{9A19103F-16F7-4668-BE54-9A1E7A4F7556}") = "OdeToFood", "OdeToFood\OdeToFood.csproj", "{A6E62001-1DF7-4DB6-96CD-DEF94B6B164B}"
EndProject
Project("{9A19103F-16F7-4668-BE54-9A1E7A4F7556}") = "OdeToFood.Core", "OdeToFood.Core\OdeToFood.Core.csproj", "{68E13CED-4E68-4240-935B-0D146F2969D5}"
EndProject
Project("{9A19103F-16F7-4668-BE54-9A1E7A4F7556}") = "OdeToFood.Data", "OdeToFood.Data\OdeToFood.Data.csproj", "{1A567940-A106-4FC4-94B2-952259AB93E6}"
EndProject
Global
	GlobalSection(SolutionConfigurationPlatforms) = preSolution
		Debug|Any CPU = Debug|Any CPU
		Debug|x64 = Debug|x64
		Release|Any CPU = Release|Any CPU
		Release|x64 = Release|x64
	EndGlobalSection
	GlobalSection(ProjectConfigurationPlatforms) = postSolution
		{A6E62001-1DF7-4DB6-96CD-DEF94B6B164B}.Debug|Any CPU.ActiveCfg = Debug|Any CPU
		{A6E62001-1DF7-4DB6-96CD-DEF94B6B164B}.Debug|Any CPU.Build.0 = Debug|Any CPU
		{A6E62001-1DF7-4DB6-96CD-DEF94B6B164B}.Debug|x64.ActiveCfg = Debug|x64
		{A6E62001-1DF7-4DB6-96CD-DEF94B6B164B}.Debug|x64.Build.0 = Debug|x64
		{A6E62001-1DF7-4DB6-96CD-DEF94B6B164B}.Release|Any CPU.ActiveCfg = Release|Any CPU
		{A6E62001-1DF7-4DB6-96CD-DEF94B6B164B}.Release|Any CPU.Build.0 = Release|Any CPU
		{A6E62001-1DF7-4DB6-96CD-DEF94B6B164B}.Release|x64.ActiveCfg = Release|x64
		{A6E62001-1DF7-4DB6-96CD-DEF94B6B164B}.Release|x64.Build.0 = Release|x64
		{68E13CED-4E68-4240-935B-0D146F2969D5}.Debug|Any CPU.ActiveCfg = Debug|Any CPU
		{68E13CED-4E68-4240-935B-0D146F2969D5}.Debug|Any CPU.Build.0 = Debug|Any CPU
		{68E13CED-4E68-4240-935B-0D146F2969D5}.Debug|x64.ActiveCfg = Debug|x64
		{68E13CED-4E68-4240-935B-0D146F2969D5}.Debug|x64.Build.0 = Debug|x64
		{68E13CED-4E68-4240-935B-0D146F2969D5}.Release|Any CPU.ActiveCfg = Release|Any CPU
		{68E13CED-4E68-4240-935B-0D146F2969D5}.Release|Any CPU.Build.0 = Release|Any CPU
		{68E13CED-4E68-4240-935B-0D146F2969D5}.Release|x64.ActiveCfg = Release|x64
		{68E13CED-4E68-4240-935B-0D146F2969D5}.Release|x64.Build.0 = Release|x64
		{1A567940-A106-4FC4-94B2-952259AB93E6}.Debug|Any CPU.ActiveCfg = Debug|Any CPU
		{1A567940-A106-4FC4-94B2-952259AB93E6}.Debug|Any CPU.Build.0 = Debug|Any CPU
		{1A567940-A106-4FC4-94B2-952259AB93E6}.Debug|x64.ActiveCfg = Debug|x64
		{1A567940-A106-4FC4-94B2-952259AB93E6}.Debug|x64.Build.0 = Debug|x64
		{1A567940-A106-4FC4-94B2-952259AB93E6}.Release|Any CPU.ActiveCfg = Release|Any CPU
		{1A567940-A106-4FC4-94B2-952259AB93E6}.Release|Any CPU.Build.0 = Release|Any CPU
		{1A567940-A106-4FC4-94B2-952259AB93E6}.Release|x64.ActiveCfg = Release|x64
		{1A567940-A106-4FC4-94B2-952259AB93E6}.Release|x64.Build.0 = Release|x64
	EndGlobalSection
	GlobalSection(SolutionProperties) = preSolution
		HideSolutionNode = FALSE
	EndGlobalSection
	GlobalSection(ExtensibilityGlobals) = postSolution
		SolutionGuid = {DA486A2E-2AF2-46D5-8C5D-4F4D7554677C}
	EndGlobalSection
EndGlobal
